PODS:
  - Alamofire (4.8.2)
  - AlamofireNetworkActivityIndicator (2.4.0):
    - Alamofire (~> 4.8)
  - AlamofireObjectMapper (5.2.0):
    - Alamofire (~> 4.7)
    - ObjectMapper (~> 3.4)
  - BrightFutures (8.0.0)
  - ObjectMapper (3.5.0)
  - RappleProgressHUD (3.0.4)
  - SkyFloatingLabelTextField (3.7.0)
  - SwiftyJSON (5.0.0)

DEPENDENCIES:
  - AlamofireNetworkActivityIndicator
  - AlamofireObjectMapper
  - BrightFutures
  - RappleProgressHUD
  - SkyFloatingLabelTextField
  - SwiftyJSON

SPEC REPOS:
  https://github.com/cocoapods/specs.git:
    - Alamofire
    - AlamofireNetworkActivityIndicator
    - AlamofireObjectMapper
    - BrightFutures
    - ObjectMapper
    - RappleProgressHUD
    - SkyFloatingLabelTextField
    - SwiftyJSON

SPEC CHECKSUMS:
  Alamofire: ae5c501addb7afdbb13687d7f2f722c78734c2d3
  AlamofireNetworkActivityIndicator: 9acc3de3ca6645bf0efed462396b0df13dd3e7b8
  AlamofireObjectMapper: 92b6ce2423a9d159e686f6a1d514a009bf903ddc
  BrightFutures: f8427b46feabaf73c5e71ace7d86d65dfbb47696
  ObjectMapper: 078b564ed25c6578b62588e306bf1da3924636d4
  RappleProgressHUD: c57f20ee8e2965c6107aaf76b97ed0f33f00bc1d
  SkyFloatingLabelTextField: 4b46db0ab1ccde0919cded29c656e6b4805eda04
  SwiftyJSON: 36413e04c44ee145039d332b4f4e2d3e8d6c4db7

PODFILE CHECKSUM: 4faa199fff103045fb6d6499cf9269d239e7c6c4

COCOAPODS: 1.5.3
